<?xml version="1.0" encoding="utf-8"?>
<Project ToolsVersion="4.0" xmlns="http://schemas.microsoft.com/developer/msbuild/2003">
  <ItemGroup>
    <Filter Include="Source Files">
      <UniqueIdentifier>{4FC737F1-C7A5-4376-A066-2A32D752A2FF}</UniqueIdentifier>
      <Extensions>cpp;c;cc;cxx;def;odl;idl;hpj;bat;asm;asmx</Extensions>
    </Filter>
    <Filter Include="Header Files">
      <UniqueIdentifier>{93995380-89BD-4b04-88EB-625FBE52EBFB}</UniqueIdentifier>
      <Extensions>h;hh;hpp;hxx;hm;inl;inc;ipp;xsd</Extensions>
    </Filter>
    <Filter Include="Resource Files">
      <UniqueIdentifier>{67DA6AB6-F800-4c08-8B7A-83BB121AAD01}</UniqueIdentifier>
      <Extensions>rc;ico;cur;bmp;dlg;rc2;rct;bin;rgs;gif;jpg;jpeg;jpe;resx;tiff;tif;png;wav;mfcribbon-ms</Extensions>
    </Filter>
    <Filter Include="imgui">
      <UniqueIdentifier>{396e4dda-4fe2-4588-9756-a364a57aa8c1}</UniqueIdentifier>
    </Filter>
    <Filter Include="imgui\headers">
      <UniqueIdentifier>{ae0c99c9-78de-41f1-8c8d-e6eb860af833}</UniqueIdentifier>
    </Filter>
    <Filter Include="imgui\implementation">
      <UniqueIdentifier>{d46c4711-0bdc-484c-bb4c-5526d80f7f5e}</UniqueIdentifier>
    </Filter>
    <Filter Include="PCH">
      <UniqueIdentifier>{65407bae-1075-4bdd-9dfd-acc5a636ec02}</UniqueIdentifier>
    </Filter>
    <Filter Include="Plugin">
      <UniqueIdentifier>{a1b543a5-c4b7-4cf1-8adf-c2f26cf59952}</UniqueIdentifier>
    </Filter>
    <Filter Include="Plugin\header">
      <UniqueIdentifier>{46d01869-81e6-496b-b2c1-aeeb13d6b983}</UniqueIdentifier>
    </Filter>
    <Filter Include="Plugin\src">
      <UniqueIdentifier>{33ae5c6a-718c-410e-bdb8-9c032f65c710}</UniqueIdentifier>
    </Filter>
  </ItemGroup>
  <ItemGroup>
    <ClCompile Include="pch.cpp">
      <Filter>PCH</Filter>
    </ClCompile>
    <ClCompile Include="paramScanning.cpp">
      <Filter>Plugin\src</Filter>
    </ClCompile>
    <ClCompile Include="src\hooks\EditorMovementHooks.cpp">
      <Filter>Source Files</Filter>
    </ClCompile>
    <ClCompile Include="src\hooks\GoalBlockerHooks.cpp">
      <Filter>Source Files</Filter>
    </ClCompile>
    <ClCompile Include="src\hooks\InputHandlingHooks.cpp">
      <Filter>Source Files</Filter>
    </ClCompile>
    <ClCompile Include="src\hooks\TrainingEditorHooks.cpp">
      <Filter>Source Files</Filter>
    </ClCompile>
    <ClCompile Include="src\hooks\TrainingShotHooks.cpp">
      <Filter>Source Files</Filter>
    </ClCompile>
    <ClCompile Include="src\input\ControllerManager.cpp">
      <Filter>Source Files</Filter>
    </ClCompile>
    <ClCompile Include="external\imgui\imgui.cpp">
      <Filter>Source Files</Filter>
    </ClCompile>
    <ClCompile Include="external\imgui\imguivariouscontrols.cpp">
      <Filter>Source Files</Filter>
    </ClCompile>
    <ClCompile Include="external\imgui\imgui_additions.cpp">
      <Filter>Source Files</Filter>
    </ClCompile>
    <ClCompile Include="external\imgui\imgui_demo.cpp">
      <Filter>Source Files</Filter>
    </ClCompile>
    <ClCompile Include="external\imgui\imgui_draw.cpp">
      <Filter>Source Files</Filter>
    </ClCompile>
    <ClCompile Include="external\imgui\imgui_impl_dx11.cpp">
      <Filter>Source Files</Filter>
    </ClCompile>
    <ClCompile Include="external\imgui\imgui_impl_win32.cpp">
      <Filter>Source Files</Filter>
    </ClCompile>
    <ClCompile Include="external\imgui\imgui_rangeslider.cpp">
      <Filter>Source Files</Filter>
    </ClCompile>
    <ClCompile Include="external\imgui\imgui_searchablecombo.cpp">
      <Filter>Source Files</Filter>
    </ClCompile>
    <ClCompile Include="external\IMGUI\imgui_stdlib.cpp">
      <Filter>Source Files</Filter>
    </ClCompile>
    <ClCompile Include="external\imgui\imgui_timeline.cpp">
      <Filter>Source Files</Filter>
    </ClCompile>
    <ClCompile Include="external\imgui\imgui_widgets.cpp">
      <Filter>Source Files</Filter>
    </ClCompile>
    <ClCompile Include="external\RenderingTools\Extra\CanvasExtensions.cpp">
      <Filter>Source Files</Filter>
    </ClCompile>
    <ClCompile Include="external\RenderingTools\Extra\RenderingAssistant.cpp">
      <Filter>Source Files</Filter>
    </ClCompile>
    <ClCompile Include="external\RenderingTools\Extra\RenderingMath.cpp">
      <Filter>Source Files</Filter>
    </ClCompile>
    <ClCompile Include="external\RenderingTools\Extra\WrapperStructsExtensions.cpp">
      <Filter>Source Files</Filter>
    </ClCompile>
    <ClCompile Include="external\RenderingTools\Objects\Chevron.cpp">
      <Filter>Source Files</Filter>
    </ClCompile>
    <ClCompile Include="external\RenderingTools\Objects\Circle.cpp">
      <Filter>Source Files</Filter>
    </ClCompile>
    <ClCompile Include="external\RenderingTools\Objects\Circle2D.cpp">
      <Filter>Source Files</Filter>
    </ClCompile>
    <ClCompile Include="external\RenderingTools\Objects\Cone.cpp">
      <Filter>Source Files</Filter>
    </ClCompile>
    <ClCompile Include="external\RenderingTools\Objects\Cube.cpp">
      <Filter>Source Files</Filter>
    </ClCompile>
    <ClCompile Include="external\RenderingTools\Objects\Cylinder.cpp">
      <Filter>Source Files</Filter>
    </ClCompile>
    <ClCompile Include="external\RenderingTools\Objects\Frustum.cpp">
      <Filter>Source Files</Filter>
    </ClCompile>
    <ClCompile Include="external\RenderingTools\Objects\Grid.cpp">
      <Filter>Source Files</Filter>
    </ClCompile>
    <ClCompile Include="external\RenderingTools\Objects\Line.cpp">
      <Filter>Source Files</Filter>
    </ClCompile>
    <ClCompile Include="external\RenderingTools\Objects\Matrix3.cpp">
      <Filter>Source Files</Filter>
    </ClCompile>
    <ClCompile Include="external\RenderingTools\Objects\Plane.cpp">
      <Filter>Source Files</Filter>
    </ClCompile>
    <ClCompile Include="external\RenderingTools\Objects\Sphere.cpp">
      <Filter>Source Files</Filter>
    </ClCompile>
    <ClCompile Include="external\RenderingTools\Objects\Triangle.cpp">
      <Filter>Source Files</Filter>
    </ClCompile>
    <ClCompile Include="external\RenderingTools\Objects\VisualCamera.cpp">
      <Filter>Source Files</Filter>
    </ClCompile>
    <ClCompile Include="src\input\ShotReplicationManager.cpp">
      <Filter>Source Files</Filter>
    </ClCompile>
    <ClCompile Include="src\storage\saving.cpp">
      <Filter>Source Files</Filter>
    </ClCompile>
    <ClCompile Include="src\training\CustomTrainingData.cpp">
      <Filter>Source Files</Filter>
    </ClCompile>
    <ClCompile Include="src\ui\RenderCanvas.cpp">
      <Filter>Source Files</Filter>
    </ClCompile>
    <ClCompile Include="src\utils\Math.cpp">
      <Filter>Source Files</Filter>
    </ClCompile>
    <ClCompile Include="src\utils\MovementUtils.cpp">
      <Filter>Source Files</Filter>
    </ClCompile>
    <ClCompile Include="src\utils\util.cpp">
      <Filter>Source Files</Filter>
    </ClCompile>
    <ClCompile Include="src\core\VersatileTraining.cpp">
      <Filter>Source Files</Filter>
    </ClCompile>
    <ClCompile Include="src\ui\GuiBase.cpp">
      <Filter>Source Files</Filter>
    </ClCompile>
    <ClCompile Include="src\ui\VersatileTrainingGUI.cpp">
      <Filter>Source Files</Filter>
    </ClCompile>
    <ClCompile Include="src\hooks\ReplayHooks.cpp">
      <Filter>Source Files</Filter>
    </ClCompile>
    <ClCompile Include="src\utils\Notifiers.cpp">
      <Filter>Source Files</Filter>
    </ClCompile>
    <ClCompile Include="src\training\SnapShotManager.cpp">
      <Filter>Source Files</Filter>
    </ClCompile>
    <ClCompile Include="src\ui\RenderVelocity.cpp">
      <Filter>Source Files</Filter>
    </ClCompile>
    <ClCompile Include="src\storage\saveReplayStates.cpp">
      <Filter>Source Files</Filter>
    </ClCompile>
    <ClCompile Include="src\ui\RenderGoalBlocker.cpp">
      <Filter>Source Files</Filter>
    </ClCompile>
    <ClCompile Include="src\storage\Compressing.cpp">
      <Filter>Source Files</Filter>
    </ClCompile>
    <ClCompile Include="src\storage\RecordingStorage.cpp">
      <Filter>Source Files</Filter>
    </ClCompile>
    <ClCompile Include="src\storage\StorageManager.cpp">
      <Filter>Source Files</Filter>
    </ClCompile>
    <ClCompile Include="src\storage\Decoding.cpp">
      <Filter>Source Files</Filter>
    </ClCompile>
    <ClCompile Include="src\localServer\Server.cpp">
      <Filter>Source Files</Filter>
    </ClCompile>
  </ItemGroup>
  <ItemGroup>
    <ClInclude Include="version.h">
      <Filter>Header Files</Filter>
    </ClInclude>
    <ClInclude Include="pch.h">
      <Filter>PCH</Filter>
    </ClInclude>
    <ClInclude Include="include\base64.h">
      <Filter>Header Files</Filter>
    </ClInclude>
    <ClInclude Include="external\imgui\imconfig.h">
      <Filter>Header Files</Filter>
    </ClInclude>
    <ClInclude Include="external\imgui\imgui.h">
      <Filter>Header Files</Filter>
    </ClInclude>
    <ClInclude Include="external\imgui\imguivariouscontrols.h">
      <Filter>Header Files</Filter>
    </ClInclude>
    <ClInclude Include="external\imgui\imgui_additions.h">
      <Filter>Header Files</Filter>
    </ClInclude>
    <ClInclude Include="external\imgui\imgui_impl_dx11.h">
      <Filter>Header Files</Filter>
    </ClInclude>
    <ClInclude Include="external\imgui\imgui_impl_win32.h">
      <Filter>Header Files</Filter>
    </ClInclude>
    <ClInclude Include="external\imgui\imgui_internal.h">
      <Filter>Header Files</Filter>
    </ClInclude>
    <ClInclude Include="external\imgui\imgui_rangeslider.h">
      <Filter>Header Files</Filter>
    </ClInclude>
    <ClInclude Include="external\imgui\imgui_searchablecombo.h">
      <Filter>Header Files</Filter>
    </ClInclude>
    <ClInclude Include="external\IMGUI\imgui_stdlib.h">
      <Filter>Header Files</Filter>
    </ClInclude>
    <ClInclude Include="external\imgui\imgui_timeline.h">
      <Filter>Header Files</Filter>
    </ClInclude>
    <ClInclude Include="external\imgui\imstb_rectpack.h">
      <Filter>Header Files</Filter>
    </ClInclude>
    <ClInclude Include="external\imgui\imstb_textedit.h">
      <Filter>Header Files</Filter>
    </ClInclude>
    <ClInclude Include="external\imgui\imstb_truetype.h">
      <Filter>Header Files</Filter>
    </ClInclude>
    <ClInclude Include="include\logging.h">
      <Filter>Header Files</Filter>
    </ClInclude>
    <ClInclude Include="include\GuiBase.h">
      <Filter>Header Files</Filter>
    </ClInclude>
    <ClInclude Include="src\core\VersatileTraining.h">
      <Filter>Header Files</Filter>
    </ClInclude>
    <ClInclude Include="external\RenderingTools\Extra\CanvasExtensions.h">
      <Filter>Header Files</Filter>
    </ClInclude>
    <ClInclude Include="external\RenderingTools\Extra\RenderingAssistant.h">
      <Filter>Header Files</Filter>
    </ClInclude>
    <ClInclude Include="external\RenderingTools\Extra\RenderingMath.h">
      <Filter>Header Files</Filter>
    </ClInclude>
    <ClInclude Include="external\RenderingTools\Extra\WrapperStructsExtensions.h">
      <Filter>Header Files</Filter>
    </ClInclude>
    <ClInclude Include="external\RenderingTools\Objects\Chevron.h">
      <Filter>Header Files</Filter>
    </ClInclude>
    <ClInclude Include="external\RenderingTools\Objects\Circle.h">
      <Filter>Header Files</Filter>
    </ClInclude>
    <ClInclude Include="external\RenderingTools\Objects\Circle2D.h">
      <Filter>Header Files</Filter>
    </ClInclude>
    <ClInclude Include="external\RenderingTools\Objects\Cone.h">
      <Filter>Header Files</Filter>
    </ClInclude>
    <ClInclude Include="external\RenderingTools\Objects\Cube.h">
      <Filter>Header Files</Filter>
    </ClInclude>
    <ClInclude Include="external\RenderingTools\Objects\Cylinder.h">
      <Filter>Header Files</Filter>
    </ClInclude>
    <ClInclude Include="external\RenderingTools\Objects\Frustum.h">
      <Filter>Header Files</Filter>
    </ClInclude>
    <ClInclude Include="external\RenderingTools\Objects\Grid.h">
      <Filter>Header Files</Filter>
    </ClInclude>
    <ClInclude Include="external\RenderingTools\Objects\Line.h">
      <Filter>Header Files</Filter>
    </ClInclude>
    <ClInclude Include="external\RenderingTools\Objects\Matrix3.h">
      <Filter>Header Files</Filter>
    </ClInclude>
    <ClInclude Include="external\RenderingTools\Objects\Plane.h">
      <Filter>Header Files</Filter>
    </ClInclude>
    <ClInclude Include="external\RenderingTools\Objects\Sphere.h">
      <Filter>Header Files</Filter>
    </ClInclude>
    <ClInclude Include="external\RenderingTools\Objects\Triangle.h">
      <Filter>Header Files</Filter>
    </ClInclude>
    <ClInclude Include="external\RenderingTools\Objects\VisualCamera.h">
      <Filter>Header Files</Filter>
    </ClInclude>
    <ClInclude Include="external\RenderingTools\RenderingTools.h">
      <Filter>Header Files</Filter>
    </ClInclude>
    <ClInclude Include="src\input\ControllerManager.h">
      <Filter>Header Files</Filter>
    </ClInclude>
    <ClInclude Include="src\input\ShotReplicationManager.h">
      <Filter>Header Files</Filter>
    </ClInclude>
    <ClInclude Include="src\training\CustomTrainingData.h">
      <Filter>Header Files</Filter>
    </ClInclude>
    <ClInclude Include="src\utils\Math.h">
      <Filter>Header Files</Filter>
    </ClInclude>
    <ClInclude Include="src\utils\MovementUtils.h">
      <Filter>Header Files</Filter>
    </ClInclude>
    <ClInclude Include="src\training\SnapShotManager.h">
      <Filter>Header Files</Filter>
    </ClInclude>
    <ClInclude Include="src\storage\StorageManager.h">
      <Filter>Header Files</Filter>
    </ClInclude>
    <ClInclude Include="src\storage\RecordingStorage.h">
      <Filter>Header Files</Filter>
    </ClInclude>
  </ItemGroup>
  <ItemGroup>
    <ResourceCompile Include="VersatileTraining.rc">
      <Filter>Resource Files</Filter>
    </ResourceCompile>
  </ItemGroup>
</Project>